// !$*UTF8*$!
{
	archiveVersion = 1;
	classes = {
	};
	objectVersion = 48;
	objects = {

/* Begin PBXBuildFile section */
		48034AC51FE21742001D431C /* EmojiGlyph.swift in Sources */ = {isa = PBXBuildFile; fileRef = 5A4EAD491FDC760600A02F7F /* EmojiGlyph.swift */; };
		480E89111FE2157A00E34BAE /* EmojiWorkshopTests.swift in Sources */ = {isa = PBXBuildFile; fileRef = 480E89101FE2157A00E34BAE /* EmojiWorkshopTests.swift */; };
		482C062E1FE0112B00508A28 /* EmojiCollection.swift in Sources */ = {isa = PBXBuildFile; fileRef = 482C062D1FE0112B00508A28 /* EmojiCollection.swift */; };
		5A4EAD361FDC758B00A02F7F /* AppDelegate.swift in Sources */ = {isa = PBXBuildFile; fileRef = 5A4EAD351FDC758B00A02F7F /* AppDelegate.swift */; };
		5A4EAD381FDC758B00A02F7F /* EmojiViewController.swift in Sources */ = {isa = PBXBuildFile; fileRef = 5A4EAD371FDC758B00A02F7F /* EmojiViewController.swift */; };
		5A4EAD3B1FDC758B00A02F7F /* Main.storyboard in Resources */ = {isa = PBXBuildFile; fileRef = 5A4EAD391FDC758B00A02F7F /* Main.storyboard */; };
		5A4EAD3D1FDC758B00A02F7F /* Assets.xcassets in Resources */ = {isa = PBXBuildFile; fileRef = 5A4EAD3C1FDC758B00A02F7F /* Assets.xcassets */; };
		5A4EAD401FDC758B00A02F7F /* LaunchScreen.storyboard in Resources */ = {isa = PBXBuildFile; fileRef = 5A4EAD3E1FDC758B00A02F7F /* LaunchScreen.storyboard */; };
		5A4EAD481FDC75B400A02F7F /* emoji-test-5.0.txt in Resources */ = {isa = PBXBuildFile; fileRef = 5A4EAD471FDC75B400A02F7F /* emoji-test-5.0.txt */; };
		5A4EAD4A1FDC760600A02F7F /* EmojiGlyph.swift in Sources */ = {isa = PBXBuildFile; fileRef = 5A4EAD491FDC760600A02F7F /* EmojiGlyph.swift */; };
		5A4EAD4C1FDC8F8B00A02F7F /* EmojiGlyphTableViewCell.swift in Sources */ = {isa = PBXBuildFile; fileRef = 5A4EAD4B1FDC8F8B00A02F7F /* EmojiGlyphTableViewCell.swift */; };
		5A4EAD4E1FDD9CCA00A02F7F /* readme.md in Resources */ = {isa = PBXBuildFile; fileRef = 5A4EAD4D1FDD9CCA00A02F7F /* readme.md */; };
		5A4EAD501FDD9CD600A02F7F /* LICENSE in Resources */ = {isa = PBXBuildFile; fileRef = 5A4EAD4F1FDD9CD600A02F7F /* LICENSE */; };
		5A4EAD521FDD9DA500A02F7F /* emoji-test-4.0.txt in Resources */ = {isa = PBXBuildFile; fileRef = 5A4EAD511FDD9DA500A02F7F /* emoji-test-4.0.txt */; };
		5AD391271FE57902001DBB26 /* EmojiSearch.swift in Sources */ = {isa = PBXBuildFile; fileRef = 5AD391261FE57902001DBB26 /* EmojiSearch.swift */; };
		5AD391281FE5790F001DBB26 /* EmojiSearch.swift in Sources */ = {isa = PBXBuildFile; fileRef = 5AD391261FE57902001DBB26 /* EmojiSearch.swift */; };
		5AD3912A1FE57933001DBB26 /* EmojiSearchTests.swift in Sources */ = {isa = PBXBuildFile; fileRef = 5AD391291FE57933001DBB26 /* EmojiSearchTests.swift */; };
		5ADCAFD91FE2D95F00A93FA3 /* EmojiCollection.swift in Sources */ = {isa = PBXBuildFile; fileRef = 482C062D1FE0112B00508A28 /* EmojiCollection.swift */; };
		5AF853391FF415E90018A598 /* SmallEmojiTableCell.xib in Resources */ = {isa = PBXBuildFile; fileRef = 5AF853381FF415E90018A598 /* SmallEmojiTableCell.xib */; };
/* End PBXBuildFile section */

/* Begin PBXContainerItemProxy section */
		480E89131FE2157A00E34BAE /* PBXContainerItemProxy */ = {
			isa = PBXContainerItemProxy;
			containerPortal = 5A4EAD2A1FDC758B00A02F7F /* Project object */;
			proxyType = 1;
			remoteGlobalIDString = 5A4EAD311FDC758B00A02F7F;
			remoteInfo = EmojiWorkshop;
		};
/* End PBXContainerItemProxy section */

/* Begin PBXFileReference section */
		480E890E1FE2157A00E34BAE /* EmojiWorkshopTests.xctest */ = {isa = PBXFileReference; explicitFileType = wrapper.cfbundle; includeInIndex = 0; path = EmojiWorkshopTests.xctest; sourceTree = BUILT_PRODUCTS_DIR; };
		480E89101FE2157A00E34BAE /* EmojiWorkshopTests.swift */ = {isa = PBXFileReference; lastKnownFileType = sourcecode.swift; path = EmojiWorkshopTests.swift; sourceTree = "<group>"; };
		480E89121FE2157A00E34BAE /* Info.plist */ = {isa = PBXFileReference; lastKnownFileType = text.plist.xml; path = Info.plist; sourceTree = "<group>"; };
		482C062D1FE0112B00508A28 /* EmojiCollection.swift */ = {isa = PBXFileReference; lastKnownFileType = sourcecode.swift; path = EmojiCollection.swift; sourceTree = "<group>"; };
		5A4EAD321FDC758B00A02F7F /* EmojiWorkshop.app */ = {isa = PBXFileReference; explicitFileType = wrapper.application; includeInIndex = 0; path = EmojiWorkshop.app; sourceTree = BUILT_PRODUCTS_DIR; };
		5A4EAD351FDC758B00A02F7F /* AppDelegate.swift */ = {isa = PBXFileReference; lastKnownFileType = sourcecode.swift; path = AppDelegate.swift; sourceTree = "<group>"; };
		5A4EAD371FDC758B00A02F7F /* EmojiViewController.swift */ = {isa = PBXFileReference; lastKnownFileType = sourcecode.swift; path = EmojiViewController.swift; sourceTree = "<group>"; };
		5A4EAD3A1FDC758B00A02F7F /* Base */ = {isa = PBXFileReference; lastKnownFileType = file.storyboard; name = Base; path = Base.lproj/Main.storyboard; sourceTree = "<group>"; };
		5A4EAD3C1FDC758B00A02F7F /* Assets.xcassets */ = {isa = PBXFileReference; lastKnownFileType = folder.assetcatalog; path = Assets.xcassets; sourceTree = "<group>"; };
		5A4EAD3F1FDC758B00A02F7F /* Base */ = {isa = PBXFileReference; lastKnownFileType = file.storyboard; name = Base; path = Base.lproj/LaunchScreen.storyboard; sourceTree = "<group>"; };
		5A4EAD411FDC758B00A02F7F /* Info.plist */ = {isa = PBXFileReference; lastKnownFileType = text.plist.xml; path = Info.plist; sourceTree = "<group>"; };
		5A4EAD471FDC75B400A02F7F /* emoji-test-5.0.txt */ = {isa = PBXFileReference; fileEncoding = 4; lastKnownFileType = text; path = "emoji-test-5.0.txt"; sourceTree = "<group>"; };
		5A4EAD491FDC760600A02F7F /* EmojiGlyph.swift */ = {isa = PBXFileReference; fileEncoding = 4; lastKnownFileType = sourcecode.swift; path = EmojiGlyph.swift; sourceTree = "<group>"; };
		5A4EAD4B1FDC8F8B00A02F7F /* EmojiGlyphTableViewCell.swift */ = {isa = PBXFileReference; lastKnownFileType = sourcecode.swift; path = EmojiGlyphTableViewCell.swift; sourceTree = "<group>"; };
		5A4EAD4D1FDD9CCA00A02F7F /* readme.md */ = {isa = PBXFileReference; fileEncoding = 4; lastKnownFileType = net.daringfireball.markdown; path = readme.md; sourceTree = "<group>"; };
		5A4EAD4F1FDD9CD600A02F7F /* LICENSE */ = {isa = PBXFileReference; fileEncoding = 4; lastKnownFileType = text; path = LICENSE; sourceTree = "<group>"; };
		5A4EAD511FDD9DA500A02F7F /* emoji-test-4.0.txt */ = {isa = PBXFileReference; fileEncoding = 4; lastKnownFileType = text; path = "emoji-test-4.0.txt"; sourceTree = "<group>"; };
		5AD391261FE57902001DBB26 /* EmojiSearch.swift */ = {isa = PBXFileReference; lastKnownFileType = sourcecode.swift; path = EmojiSearch.swift; sourceTree = "<group>"; };
		5AD391291FE57933001DBB26 /* EmojiSearchTests.swift */ = {isa = PBXFileReference; lastKnownFileType = sourcecode.swift; path = EmojiSearchTests.swift; sourceTree = "<group>"; };
		5AF853381FF415E90018A598 /* SmallEmojiTableCell.xib */ = {isa = PBXFileReference; lastKnownFileType = file.xib; path = SmallEmojiTableCell.xib; sourceTree = "<group>"; };
/* End PBXFileReference section */

/* Begin PBXFrameworksBuildPhase section */
		480E890B1FE2157A00E34BAE /* Frameworks */ = {
			isa = PBXFrameworksBuildPhase;
			buildActionMask = 2147483647;
			files = (
			);
			runOnlyForDeploymentPostprocessing = 0;
		};
		5A4EAD2F1FDC758B00A02F7F /* Frameworks */ = {
			isa = PBXFrameworksBuildPhase;
			buildActionMask = 2147483647;
			files = (
			);
			runOnlyForDeploymentPostprocessing = 0;
		};
/* End PBXFrameworksBuildPhase section */

/* Begin PBXGroup section */
		480E890F1FE2157A00E34BAE /* EmojiWorkshopTests */ = {
			isa = PBXGroup;
			children = (
				5AD391291FE57933001DBB26 /* EmojiSearchTests.swift */,
				480E89101FE2157A00E34BAE /* EmojiWorkshopTests.swift */,
				480E89121FE2157A00E34BAE /* Info.plist */,
			);
			path = EmojiWorkshopTests;
			sourceTree = "<group>";
		};
		482C062F1FE036B200508A28 /* Data Files */ = {
			isa = PBXGroup;
			children = (
				5A4EAD471FDC75B400A02F7F /* emoji-test-5.0.txt */,
				5A4EAD511FDD9DA500A02F7F /* emoji-test-4.0.txt */,
			);
			path = "Data Files";
			sourceTree = "<group>";
		};
		482C06301FE036C200508A28 /* Emoji Classes */ = {
			isa = PBXGroup;
			children = (
				5A4EAD491FDC760600A02F7F /* EmojiGlyph.swift */,
				482C062D1FE0112B00508A28 /* EmojiCollection.swift */,
				5AD391261FE57902001DBB26 /* EmojiSearch.swift */,
			);
			path = "Emoji Classes";
			sourceTree = "<group>";
		};
		5A4EAD291FDC758B00A02F7F = {
			isa = PBXGroup;
			children = (
				5A4EAD4F1FDD9CD600A02F7F /* LICENSE */,
				5A4EAD4D1FDD9CCA00A02F7F /* readme.md */,
				5A4EAD341FDC758B00A02F7F /* EmojiWorkshop */,
				480E890F1FE2157A00E34BAE /* EmojiWorkshopTests */,
				5A4EAD331FDC758B00A02F7F /* Products */,
			);
			sourceTree = "<group>";
		};
		5A4EAD331FDC758B00A02F7F /* Products */ = {
			isa = PBXGroup;
			children = (
				5A4EAD321FDC758B00A02F7F /* EmojiWorkshop.app */,
				480E890E1FE2157A00E34BAE /* EmojiWorkshopTests.xctest */,
			);
			name = Products;
			sourceTree = "<group>";
		};
		5A4EAD341FDC758B00A02F7F /* EmojiWorkshop */ = {
			isa = PBXGroup;
			children = (
				5A4EAD351FDC758B00A02F7F /* AppDelegate.swift */,
				5A4EAD411FDC758B00A02F7F /* Info.plist */,
				482C062F1FE036B200508A28 /* Data Files */,
				482C06301FE036C200508A28 /* Emoji Classes */,
				5AF853361FF3FB250018A598 /* View Controllers */,
				5AF853371FF3FB5A0018A598 /* Resources */,
			);
			path = EmojiWorkshop;
			sourceTree = "<group>";
		};
		5AF853361FF3FB250018A598 /* View Controllers */ = {
			isa = PBXGroup;
			children = (
				5A4EAD4B1FDC8F8B00A02F7F /* EmojiGlyphTableViewCell.swift */,
				5A4EAD371FDC758B00A02F7F /* EmojiViewController.swift */,
			);
			name = "View Controllers";
			sourceTree = "<group>";
		};
		5AF853371FF3FB5A0018A598 /* Resources */ = {
			isa = PBXGroup;
			children = (
				5A4EAD391FDC758B00A02F7F /* Main.storyboard */,
				5A4EAD3C1FDC758B00A02F7F /* Assets.xcassets */,
				5A4EAD3E1FDC758B00A02F7F /* LaunchScreen.storyboard */,
				5AF853381FF415E90018A598 /* SmallEmojiTableCell.xib */,
			);
			path = Resources;
			sourceTree = "<group>";
		};
/* End PBXGroup section */

/* Begin PBXNativeTarget section */
		480E890D1FE2157A00E34BAE /* EmojiWorkshopTests */ = {
			isa = PBXNativeTarget;
			buildConfigurationList = 480E89171FE2157A00E34BAE /* Build configuration list for PBXNativeTarget "EmojiWorkshopTests" */;
			buildPhases = (
				480E890A1FE2157A00E34BAE /* Sources */,
				480E890B1FE2157A00E34BAE /* Frameworks */,
				480E890C1FE2157A00E34BAE /* Resources */,
			);
			buildRules = (
			);
			dependencies = (
				480E89141FE2157A00E34BAE /* PBXTargetDependency */,
			);
			name = EmojiWorkshopTests;
			productName = EmojiWorkshopTests;
			productReference = 480E890E1FE2157A00E34BAE /* EmojiWorkshopTests.xctest */;
			productType = "com.apple.product-type.bundle.unit-test";
		};
		5A4EAD311FDC758B00A02F7F /* EmojiWorkshop */ = {
			isa = PBXNativeTarget;
			buildConfigurationList = 5A4EAD441FDC758B00A02F7F /* Build configuration list for PBXNativeTarget "EmojiWorkshop" */;
			buildPhases = (
				5A4EAD2E1FDC758B00A02F7F /* Sources */,
				5A4EAD2F1FDC758B00A02F7F /* Frameworks */,
				5A4EAD301FDC758B00A02F7F /* Resources */,
			);
			buildRules = (
			);
			dependencies = (
			);
			name = EmojiWorkshop;
			productName = EmojiWorkshop;
			productReference = 5A4EAD321FDC758B00A02F7F /* EmojiWorkshop.app */;
			productType = "com.apple.product-type.application";
		};
/* End PBXNativeTarget section */

/* Begin PBXProject section */
		5A4EAD2A1FDC758B00A02F7F /* Project object */ = {
			isa = PBXProject;
			attributes = {
				LastSwiftUpdateCheck = 0920;
				LastUpgradeCheck = 0920;
				ORGANIZATIONNAME = "Epic Loot";
				TargetAttributes = {
					480E890D1FE2157A00E34BAE = {
						CreatedOnToolsVersion = 9.2;
						ProvisioningStyle = Automatic;
						TestTargetID = 5A4EAD311FDC758B00A02F7F;
					};
					5A4EAD311FDC758B00A02F7F = {
						CreatedOnToolsVersion = 9.2;
						ProvisioningStyle = Automatic;
					};
				};
			};
			buildConfigurationList = 5A4EAD2D1FDC758B00A02F7F /* Build configuration list for PBXProject "EmojiWorkshop" */;
			compatibilityVersion = "Xcode 8.0";
			developmentRegion = en;
			hasScannedForEncodings = 0;
			knownRegions = (
				en,
				Base,
			);
			mainGroup = 5A4EAD291FDC758B00A02F7F;
			productRefGroup = 5A4EAD331FDC758B00A02F7F /* Products */;
			projectDirPath = "";
			projectRoot = "";
			targets = (
				5A4EAD311FDC758B00A02F7F /* EmojiWorkshop */,
				480E890D1FE2157A00E34BAE /* EmojiWorkshopTests */,
			);
		};
/* End PBXProject section */

/* Begin PBXResourcesBuildPhase section */
		480E890C1FE2157A00E34BAE /* Resources */ = {
			isa = PBXResourcesBuildPhase;
			buildActionMask = 2147483647;
			files = (
			);
			runOnlyForDeploymentPostprocessing = 0;
		};
		5A4EAD301FDC758B00A02F7F /* Resources */ = {
			isa = PBXResourcesBuildPhase;
			buildActionMask = 2147483647;
			files = (
				5A4EAD501FDD9CD600A02F7F /* LICENSE in Resources */,
				5A4EAD401FDC758B00A02F7F /* LaunchScreen.storyboard in Resources */,
				5A4EAD481FDC75B400A02F7F /* emoji-test-5.0.txt in Resources */,
				5A4EAD3D1FDC758B00A02F7F /* Assets.xcassets in Resources */,
				5A4EAD4E1FDD9CCA00A02F7F /* readme.md in Resources */,
				5AF853391FF415E90018A598 /* SmallEmojiTableCell.xib in Resources */,
				5A4EAD3B1FDC758B00A02F7F /* Main.storyboard in Resources */,
				5A4EAD521FDD9DA500A02F7F /* emoji-test-4.0.txt in Resources */,
			);
			runOnlyForDeploymentPostprocessing = 0;
		};
/* End PBXResourcesBuildPhase section */

/* Begin PBXSourcesBuildPhase section */
		480E890A1FE2157A00E34BAE /* Sources */ = {
			isa = PBXSourcesBuildPhase;
			buildActionMask = 2147483647;
			files = (
				480E89111FE2157A00E34BAE /* EmojiWorkshopTests.swift in Sources */,
				5ADCAFD91FE2D95F00A93FA3 /* EmojiCollection.swift in Sources */,
				5AD3912A1FE57933001DBB26 /* EmojiSearchTests.swift in Sources */,
				5AD391281FE5790F001DBB26 /* EmojiSearch.swift in Sources */,
				48034AC51FE21742001D431C /* EmojiGlyph.swift in Sources */,
			);
			runOnlyForDeploymentPostprocessing = 0;
		};
		5A4EAD2E1FDC758B00A02F7F /* Sources */ = {
			isa = PBXSourcesBuildPhase;
			buildActionMask = 2147483647;
			files = (
				5A4EAD381FDC758B00A02F7F /* EmojiViewController.swift in Sources */,
				482C062E1FE0112B00508A28 /* EmojiCollection.swift in Sources */,
				5A4EAD4A1FDC760600A02F7F /* EmojiGlyph.swift in Sources */,
				5A4EAD361FDC758B00A02F7F /* AppDelegate.swift in Sources */,
				5AD391271FE57902001DBB26 /* EmojiSearch.swift in Sources */,
				5A4EAD4C1FDC8F8B00A02F7F /* EmojiGlyphTableViewCell.swift in Sources */,
			);
			runOnlyForDeploymentPostprocessing = 0;
		};
/* End PBXSourcesBuildPhase section */

/* Begin PBXTargetDependency section */
		480E89141FE2157A00E34BAE /* PBXTargetDependency */ = {
			isa = PBXTargetDependency;
			target = 5A4EAD311FDC758B00A02F7F /* EmojiWorkshop */;
			targetProxy = 480E89131FE2157A00E34BAE /* PBXContainerItemProxy */;
		};
/* End PBXTargetDependency section */

/* Begin PBXVariantGroup section */
		5A4EAD391FDC758B00A02F7F /* Main.storyboard */ = {
			isa = PBXVariantGroup;
			children = (
				5A4EAD3A1FDC758B00A02F7F /* Base */,
			);
			name = Main.storyboard;
			sourceTree = "<group>";
		};
		5A4EAD3E1FDC758B00A02F7F /* LaunchScreen.storyboard */ = {
			isa = PBXVariantGroup;
			children = (
				5A4EAD3F1FDC758B00A02F7F /* Base */,
			);
			name = LaunchScreen.storyboard;
			sourceTree = "<group>";
		};
/* End PBXVariantGroup section */

/* Begin XCBuildConfiguration section */
		480E89151FE2157A00E34BAE /* Debug */ = {
			isa = XCBuildConfiguration;
			buildSettings = {
				BUNDLE_LOADER = "$(TEST_HOST)";
				CODE_SIGN_STYLE = Automatic;
				DEVELOPMENT_TEAM = QZ7SMYA7GB;
				INFOPLIST_FILE = EmojiWorkshopTests/Info.plist;
				LD_RUNPATH_SEARCH_PATHS = "$(inherited) @executable_path/Frameworks @loader_path/Frameworks";
				PRODUCT_BUNDLE_IDENTIFIER = "Epic-Loot.EmojiWorkshopTests";
				PRODUCT_NAME = "$(TARGET_NAME)";
				SWIFT_VERSION = 4.0;
				TARGETED_DEVICE_FAMILY = "1,2";
				TEST_HOST = "$(BUILT_PRODUCTS_DIR)/EmojiWorkshop.app/EmojiWorkshop";
			};
			name = Debug;
		};
		480E89161FE2157A00E34BAE /* Release */ = {
			isa = XCBuildConfiguration;
			buildSettings = {
				BUNDLE_LOADER = "$(TEST_HOST)";
				CODE_SIGN_STYLE = Automatic;
				DEVELOPMENT_TEAM = QZ7SMYA7GB;
				INFOPLIST_FILE = EmojiWorkshopTests/Info.plist;
				LD_RUNPATH_SEARCH_PATHS = "$(inherited) @executable_path/Frameworks @loader_path/Frameworks";
				PRODUCT_BUNDLE_IDENTIFIER = "Epic-Loot.EmojiWorkshopTests";
				PRODUCT_NAME = "$(TARGET_NAME)";
				SWIFT_VERSION = 4.0;
				TARGETED_DEVICE_FAMILY = "1,2";
				TEST_HOST = "$(BUILT_PRODUCTS_DIR)/EmojiWorkshop.app/EmojiWorkshop";
			};
			name = Release;
		};
		5A4EAD421FDC758B00A02F7F /* Debug */ = {
			isa = XCBuildConfiguration;
			buildSettings = {
				ALWAYS_SEARCH_USER_PATHS = NO;
				CLANG_ANALYZER_NONNULL = YES;
				CLANG_ANALYZER_NUMBER_OBJECT_CONVERSION = YES_AGGRESSIVE;
				CLANG_CXX_LANGUAGE_STANDARD = "gnu++14";
				CLANG_CXX_LIBRARY = "libc++";
				CLANG_ENABLE_MODULES = YES;
				CLANG_ENABLE_OBJC_ARC = YES;
				CLANG_WARN_BLOCK_CAPTURE_AUTORELEASING = YES;
				CLANG_WARN_BOOL_CONVERSION = YES;
				CLANG_WARN_COMMA = YES;
				CLANG_WARN_CONSTANT_CONVERSION = YES;
				CLANG_WARN_DIRECT_OBJC_ISA_USAGE = YES_ERROR;
				CLANG_WARN_DOCUMENTATION_COMMENTS = YES;
				CLANG_WARN_EMPTY_BODY = YES;
				CLANG_WARN_ENUM_CONVERSION = YES;
				CLANG_WARN_INFINITE_RECURSION = YES;
				CLANG_WARN_INT_CONVERSION = YES;
				CLANG_WARN_NON_LITERAL_NULL_CONVERSION = YES;
				CLANG_WARN_OBJC_LITERAL_CONVERSION = YES;
				CLANG_WARN_OBJC_ROOT_CLASS = YES_ERROR;
				CLANG_WARN_RANGE_LOOP_ANALYSIS = YES;
				CLANG_WARN_STRICT_PROTOTYPES = YES;
				CLANG_WARN_SUSPICIOUS_MOVE = YES;
				CLANG_WARN_UNGUARDED_AVAILABILITY = YES_AGGRESSIVE;
				CLANG_WARN_UNREACHABLE_CODE = YES;
				CLANG_WARN__DUPLICATE_METHOD_MATCH = YES;
				CODE_SIGN_IDENTITY = "iPhone Developer";
				COPY_PHASE_STRIP = NO;
				DEBUG_INFORMATION_FORMAT = dwarf;
				ENABLE_STRICT_OBJC_MSGSEND = YES;
				ENABLE_TESTABILITY = YES;
				GCC_C_LANGUAGE_STANDARD = gnu11;
				GCC_DYNAMIC_NO_PIC = NO;
				GCC_NO_COMMON_BLOCKS = YES;
				GCC_OPTIMIZATION_LEVEL = 0;
				GCC_PREPROCESSOR_DEFINITIONS = (
					"DEBUG=1",
					"$(inherited)",
				);
				GCC_WARN_64_TO_32_BIT_CONVERSION = YES;
				GCC_WARN_ABOUT_RETURN_TYPE = YES_ERROR;
				GCC_WARN_UNDECLARED_SELECTOR = YES;
				GCC_WARN_UNINITIALIZED_AUTOS = YES_AGGRESSIVE;
				GCC_WARN_UNUSED_FUNCTION = YES;
				GCC_WARN_UNUSED_VARIABLE = YES;
				IPHONEOS_DEPLOYMENT_TARGET = 11.2;
				MTL_ENABLE_DEBUG_INFO = YES;
				ONLY_ACTIVE_ARCH = YES;
				SDKROOT = iphoneos;
				SWIFT_ACTIVE_COMPILATION_CONDITIONS = DEBUG;
				SWIFT_OPTIMIZATION_LEVEL = "-Onone";
			};
			name = Debug;
		};
		5A4EAD431FDC758B00A02F7F /* Release */ = {
			isa = XCBuildConfiguration;
			buildSettings = {
				ALWAYS_SEARCH_USER_PATHS = NO;
				CLANG_ANALYZER_NONNULL = YES;
				CLANG_ANALYZER_NUMBER_OBJECT_CONVERSION = YES_AGGRESSIVE;
				CLANG_CXX_LANGUAGE_STANDARD = "gnu++14";
				CLANG_CXX_LIBRARY = "libc++";
				CLANG_ENABLE_MODULES = YES;
				CLANG_ENABLE_OBJC_ARC = YES;
				CLANG_WARN_BLOCK_CAPTURE_AUTORELEASING = YES;
				CLANG_WARN_BOOL_CONVERSION = YES;
				CLANG_WARN_COMMA = YES;
				CLANG_WARN_CONSTANT_CONVERSION = YES;
				CLANG_WARN_DIRECT_OBJC_ISA_USAGE = YES_ERROR;
				CLANG_WARN_DOCUMENTATION_COMMENTS = YES;
				CLANG_WARN_EMPTY_BODY = YES;
				CLANG_WARN_ENUM_CONVERSION = YES;
				CLANG_WARN_INFINITE_RECURSION = YES;
				CLANG_WARN_INT_CONVERSION = YES;
				CLANG_WARN_NON_LITERAL_NULL_CONVERSION = YES;
				CLANG_WARN_OBJC_LITERAL_CONVERSION = YES;
				CLANG_WARN_OBJC_ROOT_CLASS = YES_ERROR;
				CLANG_WARN_RANGE_LOOP_ANALYSIS = YES;
				CLANG_WARN_STRICT_PROTOTYPES = YES;
				CLANG_WARN_SUSPICIOUS_MOVE = YES;
				CLANG_WARN_UNGUARDED_AVAILABILITY = YES_AGGRESSIVE;
				CLANG_WARN_UNREACHABLE_CODE = YES;
				CLANG_WARN__DUPLICATE_METHOD_MATCH = YES;
				CODE_SIGN_IDENTITY = "iPhone Developer";
				COPY_PHASE_STRIP = NO;
				DEBUG_INFORMATION_FORMAT = "dwarf-with-dsym";
				ENABLE_NS_ASSERTIONS = NO;
				ENABLE_STRICT_OBJC_MSGSEND = YES;
				GCC_C_LANGUAGE_STANDARD = gnu11;
				GCC_NO_COMMON_BLOCKS = YES;
				GCC_WARN_64_TO_32_BIT_CONVERSION = YES;
				GCC_WARN_ABOUT_RETURN_TYPE = YES_ERROR;
				GCC_WARN_UNDECLARED_SELECTOR = YES;
				GCC_WARN_UNINITIALIZED_AUTOS = YES_AGGRESSIVE;
				GCC_WARN_UNUSED_FUNCTION = YES;
				GCC_WARN_UNUSED_VARIABLE = YES;
				IPHONEOS_DEPLOYMENT_TARGET = 11.2;
				MTL_ENABLE_DEBUG_INFO = NO;
				SDKROOT = iphoneos;
				SWIFT_OPTIMIZATION_LEVEL = "-Owholemodule";
				VALIDATE_PRODUCT = YES;
			};
			name = Release;
		};
		5A4EAD451FDC758B00A02F7F /* Debug */ = {
			isa = XCBuildConfiguration;
			buildSettings = {
				ASSETCATALOG_COMPILER_APPICON_NAME = AppIcon;
				CODE_SIGN_STYLE = Automatic;
				DEVELOPMENT_TEAM = QZ7SMYA7GB;
				INFOPLIST_FILE = EmojiWorkshop/Info.plist;
				LD_RUNPATH_SEARCH_PATHS = "$(inherited) @executable_path/Frameworks";
				PRODUCT_BUNDLE_IDENTIFIER = com.pavley.EmojiWorkshop;
				PRODUCT_NAME = "$(TARGET_NAME)";
				SWIFT_VERSION = 4.0;
				TARGETED_DEVICE_FAMILY = "1,2";
			};
			name = Debug;
		};
		5A4EAD461FDC758B00A02F7F /* Release */ = {
			isa = XCBuildConfiguration;
			buildSettings = {
				ASSETCATALOG_COMPILER_APPICON_NAME = AppIcon;
				CODE_SIGN_STYLE = Automatic;
				DEVELOPMENT_TEAM = QZ7SMYA7GB;
				INFOPLIST_FILE = EmojiWorkshop/Info.plist;
				LD_RUNPATH_SEARCH_PATHS = "$(inherited) @executable_path/Frameworks";
				PRODUCT_BUNDLE_IDENTIFIER = com.pavley.EmojiWorkshop;
				PRODUCT_NAME = "$(TARGET_NAME)";
				SWIFT_VERSION = 4.0;
				TARGETED_DEVICE_FAMILY = "1,2";
			};
			name = Release;
		};
/* End XCBuildConfiguration section */

/* Begin XCConfigurationList section */
		480E89171FE2157A00E34BAE /* Build configuration list for PBXNativeTarget "EmojiWorkshopTests" */ = {
			isa = XCConfigurationList;
			buildConfigurations = (
				480E89151FE2157A00E34BAE /* Debug */,
				480E89161FE2157A00E34BAE /* Release */,
			);
			defaultConfigurationIsVisible = 0;
			defaultConfigurationName = Release;
		};
		5A4EAD2D1FDC758B00A02F7F /* Build configuration list for PBXProject "EmojiWorkshop" */ = {
			isa = XCConfigurationList;
			buildConfigurations = (
				5A4EAD421FDC758B00A02F7F /* Debug */,
				5A4EAD431FDC758B00A02F7F /* Release */,
			);
			defaultConfigurationIsVisible = 0;
			defaultConfigurationName = Release;
		};
		5A4EAD441FDC758B00A02F7F /* Build configuration list for PBXNativeTarget "EmojiWorkshop" */ = {
			isa = XCConfigurationList;
			buildConfigurations = (
				5A4EAD451FDC758B00A02F7F /* Debug */,
				5A4EAD461FDC758B00A02F7F /* Release */,
			);
			defaultConfigurationIsVisible = 0;
			defaultConfigurationName = Release;
		};
/* End XCConfigurationList section */
	};
	rootObject = 5A4EAD2A1FDC758B00A02F7F /* Project object */;
}
